
Microsoft Visual Studio Solution File, Format Version 12.00
# Visual Studio 15
VisualStudioVersion = 15.0.27703.2000
MinimumVisualStudioVersion = 10.0.40219.1
Project("{9A19103F-16F7-4668-BE54-9A1E7A4F7556}") = "EntityModel", "..\CommonLib\EntityModel\EntityModel.csproj", "{B618BA99-A071-4359-A6DE-96AABF5EAA8D}"
EndProject
Project("{9A19103F-16F7-4668-BE54-9A1E7A4F7556}") = "KaSon.FrameWork.Common", "..\CommonLib\KaSon.FrameWork.Common\KaSon.FrameWork.Common.csproj", "{4DA6E73D-0A92-4FDA-911D-A5FE93EDF59F}"
EndProject
Project("{9A19103F-16F7-4668-BE54-9A1E7A4F7556}") = "KaSon.FrameWork.Analyzer", "..\CommonLib\KaSon.FrameWork.Analyzer\KaSon.FrameWork.Analyzer.csproj", "{D91A3688-6E7B-4300-9F90-C40DED437535}"
EndProject
Project("{9A19103F-16F7-4668-BE54-9A1E7A4F7556}") = "CSRedisCore", "..\CommonLib\csredis-master\CSRedisCore.csproj", "{D4F5C0B6-28B3-4726-B543-EDB87BC83867}"
EndProject
Project("{2150E333-8FDC-42A3-9474-1A3956D46DE8}") = "FrameWork", "FrameWork", "{23BC8D6F-CB57-44E6-B15F-AE2ED00B19A4}"
EndProject
Project("{2150E333-8FDC-42A3-9474-1A3956D46DE8}") = "Lottery.CrawAndMnage.Controllers", "Lottery.CrawAndMnage.Controllers", "{517BA2DB-D712-431D-BFD7-D7F04E3D2555}"
EndProject
Project("{9A19103F-16F7-4668-BE54-9A1E7A4F7556}") = "SystemManage.ApiGateway", "SystemManage.ApiGateway\SystemManage.ApiGateway.csproj", "{9D3AE050-5F03-4B77-A478-4CAEC69E670A}"
EndProject
Project("{9A19103F-16F7-4668-BE54-9A1E7A4F7556}") = "SystemManage.Craw.Controllers", "SystemManage.Craw.Controllers\SystemManage.Craw.Controllers.csproj", "{E3601A1D-E365-4E18-92BD-3E1DC46AF913}"
EndProject
Project("{9A19103F-16F7-4668-BE54-9A1E7A4F7556}") = "SystemManage.Manage.Controllers", "SystemManage.Manage.Controllers\SystemManage.Manage.Controllers.csproj", "{42FE5E69-2114-4079-B637-00723ECE77D9}"
EndProject
Project("{9A19103F-16F7-4668-BE54-9A1E7A4F7556}") = "SystemManage.Api.Filter", "SystemManage.Api.Filter\SystemManage.Api.Filter.csproj", "{D33C9BE3-3ADB-4908-A5A0-91C040FFD5DD}"
EndProject
Project("{9A19103F-16F7-4668-BE54-9A1E7A4F7556}") = "SystemManage.Base.Controllers", "SystemManage.base.Controllers\SystemManage.Base.Controllers.csproj", "{57866B43-4D7F-49EA-9B2D-6D7508779D53}"
EndProject
Project("{9A19103F-16F7-4668-BE54-9A1E7A4F7556}") = "SystemManage.ApiGateway.Model", "SystemManage.ApiGateway.Model\SystemManage.ApiGateway.Model.csproj", "{D0D9E5B0-55DA-4E0E-A55E-5FF2437BC6F3}"
EndProject
Global
	GlobalSection(SolutionConfigurationPlatforms) = preSolution
		Debug|Any CPU = Debug|Any CPU
		Debug|ARM = Debug|ARM
		Debug|x64 = Debug|x64
		Debug|x86 = Debug|x86
		Release|Any CPU = Release|Any CPU
		Release|ARM = Release|ARM
		Release|x64 = Release|x64
		Release|x86 = Release|x86
	EndGlobalSection
	GlobalSection(ProjectConfigurationPlatforms) = postSolution
		{B618BA99-A071-4359-A6DE-96AABF5EAA8D}.Debug|Any CPU.ActiveCfg = Debug|Any CPU
		{B618BA99-A071-4359-A6DE-96AABF5EAA8D}.Debug|Any CPU.Build.0 = Debug|Any CPU
		{B618BA99-A071-4359-A6DE-96AABF5EAA8D}.Debug|ARM.ActiveCfg = Debug|Any CPU
		{B618BA99-A071-4359-A6DE-96AABF5EAA8D}.Debug|ARM.Build.0 = Debug|Any CPU
		{B618BA99-A071-4359-A6DE-96AABF5EAA8D}.Debug|x64.ActiveCfg = Debug|Any CPU
		{B618BA99-A071-4359-A6DE-96AABF5EAA8D}.Debug|x64.Build.0 = Debug|Any CPU
		{B618BA99-A071-4359-A6DE-96AABF5EAA8D}.Debug|x86.ActiveCfg = Debug|Any CPU
		{B618BA99-A071-4359-A6DE-96AABF5EAA8D}.Debug|x86.Build.0 = Debug|Any CPU
		{B618BA99-A071-4359-A6DE-96AABF5EAA8D}.Release|Any CPU.ActiveCfg = Release|Any CPU
		{B618BA99-A071-4359-A6DE-96AABF5EAA8D}.Release|Any CPU.Build.0 = Release|Any CPU
		{B618BA99-A071-4359-A6DE-96AABF5EAA8D}.Release|ARM.ActiveCfg = Release|Any CPU
		{B618BA99-A071-4359-A6DE-96AABF5EAA8D}.Release|ARM.Build.0 = Release|Any CPU
		{B618BA99-A071-4359-A6DE-96AABF5EAA8D}.Release|x64.ActiveCfg = Release|Any CPU
		{B618BA99-A071-4359-A6DE-96AABF5EAA8D}.Release|x64.Build.0 = Release|Any CPU
		{B618BA99-A071-4359-A6DE-96AABF5EAA8D}.Release|x86.ActiveCfg = Release|Any CPU
		{B618BA99-A071-4359-A6DE-96AABF5EAA8D}.Release|x86.Build.0 = Release|Any CPU
		{4DA6E73D-0A92-4FDA-911D-A5FE93EDF59F}.Debug|Any CPU.ActiveCfg = Debug|Any CPU
		{4DA6E73D-0A92-4FDA-911D-A5FE93EDF59F}.Debug|Any CPU.Build.0 = Debug|Any CPU
		{4DA6E73D-0A92-4FDA-911D-A5FE93EDF59F}.Debug|ARM.ActiveCfg = Debug|Any CPU
		{4DA6E73D-0A92-4FDA-911D-A5FE93EDF59F}.Debug|ARM.Build.0 = Debug|Any CPU
		{4DA6E73D-0A92-4FDA-911D-A5FE93EDF59F}.Debug|x64.ActiveCfg = Debug|Any CPU
		{4DA6E73D-0A92-4FDA-911D-A5FE93EDF59F}.Debug|x64.Build.0 = Debug|Any CPU
		{4DA6E73D-0A92-4FDA-911D-A5FE93EDF59F}.Debug|x86.ActiveCfg = Debug|Any CPU
		{4DA6E73D-0A92-4FDA-911D-A5FE93EDF59F}.Debug|x86.Build.0 = Debug|Any CPU
		{4DA6E73D-0A92-4FDA-911D-A5FE93EDF59F}.Release|Any CPU.ActiveCfg = Release|Any CPU
		{4DA6E73D-0A92-4FDA-911D-A5FE93EDF59F}.Release|Any CPU.Build.0 = Release|Any CPU
		{4DA6E73D-0A92-4FDA-911D-A5FE93EDF59F}.Release|ARM.ActiveCfg = Release|Any CPU
		{4DA6E73D-0A92-4FDA-911D-A5FE93EDF59F}.Release|ARM.Build.0 = Release|Any CPU
		{4DA6E73D-0A92-4FDA-911D-A5FE93EDF59F}.Release|x64.ActiveCfg = Release|Any CPU
		{4DA6E73D-0A92-4FDA-911D-A5FE93EDF59F}.Release|x64.Build.0 = Release|Any CPU
		{4DA6E73D-0A92-4FDA-911D-A5FE93EDF59F}.Release|x86.ActiveCfg = Release|Any CPU
		{4DA6E73D-0A92-4FDA-911D-A5FE93EDF59F}.Release|x86.Build.0 = Release|Any CPU
		{D91A3688-6E7B-4300-9F90-C40DED437535}.Debug|Any CPU.ActiveCfg = Debug|Any CPU
		{D91A3688-6E7B-4300-9F90-C40DED437535}.Debug|Any CPU.Build.0 = Debug|Any CPU
		{D91A3688-6E7B-4300-9F90-C40DED437535}.Debug|ARM.ActiveCfg = Debug|Any CPU
		{D91A3688-6E7B-4300-9F90-C40DED437535}.Debug|ARM.Build.0 = Debug|Any CPU
		{D91A3688-6E7B-4300-9F90-C40DED437535}.Debug|x64.ActiveCfg = Debug|Any CPU
		{D91A3688-6E7B-4300-9F90-C40DED437535}.Debug|x64.Build.0 = Debug|Any CPU
		{D91A3688-6E7B-4300-9F90-C40DED437535}.Debug|x86.ActiveCfg = Debug|Any CPU
		{D91A3688-6E7B-4300-9F90-C40DED437535}.Debug|x86.Build.0 = Debug|Any CPU
		{D91A3688-6E7B-4300-9F90-C40DED437535}.Release|Any CPU.ActiveCfg = Release|Any CPU
		{D91A3688-6E7B-4300-9F90-C40DED437535}.Release|Any CPU.Build.0 = Release|Any CPU
		{D91A3688-6E7B-4300-9F90-C40DED437535}.Release|ARM.ActiveCfg = Release|Any CPU
		{D91A3688-6E7B-4300-9F90-C40DED437535}.Release|ARM.Build.0 = Release|Any CPU
		{D91A3688-6E7B-4300-9F90-C40DED437535}.Release|x64.ActiveCfg = Release|Any CPU
		{D91A3688-6E7B-4300-9F90-C40DED437535}.Release|x64.Build.0 = Release|Any CPU
		{D91A3688-6E7B-4300-9F90-C40DED437535}.Release|x86.ActiveCfg = Release|Any CPU
		{D91A3688-6E7B-4300-9F90-C40DED437535}.Release|x86.Build.0 = Release|Any CPU
		{D4F5C0B6-28B3-4726-B543-EDB87BC83867}.Debug|Any CPU.ActiveCfg = Debug|Any CPU
		{D4F5C0B6-28B3-4726-B543-EDB87BC83867}.Debug|Any CPU.Build.0 = Debug|Any CPU
		{D4F5C0B6-28B3-4726-B543-EDB87BC83867}.Debug|ARM.ActiveCfg = Debug|Any CPU
		{D4F5C0B6-28B3-4726-B543-EDB87BC83867}.Debug|ARM.Build.0 = Debug|Any CPU
		{D4F5C0B6-28B3-4726-B543-EDB87BC83867}.Debug|x64.ActiveCfg = Debug|Any CPU
		{D4F5C0B6-28B3-4726-B543-EDB87BC83867}.Debug|x64.Build.0 = Debug|Any CPU
		{D4F5C0B6-28B3-4726-B543-EDB87BC83867}.Debug|x86.ActiveCfg = Debug|Any CPU
		{D4F5C0B6-28B3-4726-B543-EDB87BC83867}.Debug|x86.Build.0 = Debug|Any CPU
		{D4F5C0B6-28B3-4726-B543-EDB87BC83867}.Release|Any CPU.ActiveCfg = Release|Any CPU
		{D4F5C0B6-28B3-4726-B543-EDB87BC83867}.Release|Any CPU.Build.0 = Release|Any CPU
		{D4F5C0B6-28B3-4726-B543-EDB87BC83867}.Release|ARM.ActiveCfg = Release|Any CPU
		{D4F5C0B6-28B3-4726-B543-EDB87BC83867}.Release|ARM.Build.0 = Release|Any CPU
		{D4F5C0B6-28B3-4726-B543-EDB87BC83867}.Release|x64.ActiveCfg = Release|Any CPU
		{D4F5C0B6-28B3-4726-B543-EDB87BC83867}.Release|x64.Build.0 = Release|Any CPU
		{D4F5C0B6-28B3-4726-B543-EDB87BC83867}.Release|x86.ActiveCfg = Release|Any CPU
		{D4F5C0B6-28B3-4726-B543-EDB87BC83867}.Release|x86.Build.0 = Release|Any CPU
		{9D3AE050-5F03-4B77-A478-4CAEC69E670A}.Debug|Any CPU.ActiveCfg = Debug|Any CPU
		{9D3AE050-5F03-4B77-A478-4CAEC69E670A}.Debug|Any CPU.Build.0 = Debug|Any CPU
		{9D3AE050-5F03-4B77-A478-4CAEC69E670A}.Debug|ARM.ActiveCfg = Debug|Any CPU
		{9D3AE050-5F03-4B77-A478-4CAEC69E670A}.Debug|ARM.Build.0 = Debug|Any CPU
		{9D3AE050-5F03-4B77-A478-4CAEC69E670A}.Debug|x64.ActiveCfg = Debug|Any CPU
		{9D3AE050-5F03-4B77-A478-4CAEC69E670A}.Debug|x64.Build.0 = Debug|Any CPU
		{9D3AE050-5F03-4B77-A478-4CAEC69E670A}.Debug|x86.ActiveCfg = Debug|Any CPU
		{9D3AE050-5F03-4B77-A478-4CAEC69E670A}.Debug|x86.Build.0 = Debug|Any CPU
		{9D3AE050-5F03-4B77-A478-4CAEC69E670A}.Release|Any CPU.ActiveCfg = Release|Any CPU
		{9D3AE050-5F03-4B77-A478-4CAEC69E670A}.Release|Any CPU.Build.0 = Release|Any CPU
		{9D3AE050-5F03-4B77-A478-4CAEC69E670A}.Release|ARM.ActiveCfg = Release|Any CPU
		{9D3AE050-5F03-4B77-A478-4CAEC69E670A}.Release|ARM.Build.0 = Release|Any CPU
		{9D3AE050-5F03-4B77-A478-4CAEC69E670A}.Release|x64.ActiveCfg = Release|Any CPU
		{9D3AE050-5F03-4B77-A478-4CAEC69E670A}.Release|x64.Build.0 = Release|Any CPU
		{9D3AE050-5F03-4B77-A478-4CAEC69E670A}.Release|x86.ActiveCfg = Release|Any CPU
		{9D3AE050-5F03-4B77-A478-4CAEC69E670A}.Release|x86.Build.0 = Release|Any CPU
		{E3601A1D-E365-4E18-92BD-3E1DC46AF913}.Debug|Any CPU.ActiveCfg = Debug|Any CPU
		{E3601A1D-E365-4E18-92BD-3E1DC46AF913}.Debug|Any CPU.Build.0 = Debug|Any CPU
		{E3601A1D-E365-4E18-92BD-3E1DC46AF913}.Debug|ARM.ActiveCfg = Debug|Any CPU
		{E3601A1D-E365-4E18-92BD-3E1DC46AF913}.Debug|ARM.Build.0 = Debug|Any CPU
		{E3601A1D-E365-4E18-92BD-3E1DC46AF913}.Debug|x64.ActiveCfg = Debug|Any CPU
		{E3601A1D-E365-4E18-92BD-3E1DC46AF913}.Debug|x64.Build.0 = Debug|Any CPU
		{E3601A1D-E365-4E18-92BD-3E1DC46AF913}.Debug|x86.ActiveCfg = Debug|Any CPU
		{E3601A1D-E365-4E18-92BD-3E1DC46AF913}.Debug|x86.Build.0 = Debug|Any CPU
		{E3601A1D-E365-4E18-92BD-3E1DC46AF913}.Release|Any CPU.ActiveCfg = Release|Any CPU
		{E3601A1D-E365-4E18-92BD-3E1DC46AF913}.Release|Any CPU.Build.0 = Release|Any CPU
		{E3601A1D-E365-4E18-92BD-3E1DC46AF913}.Release|ARM.ActiveCfg = Release|Any CPU
		{E3601A1D-E365-4E18-92BD-3E1DC46AF913}.Release|ARM.Build.0 = Release|Any CPU
		{E3601A1D-E365-4E18-92BD-3E1DC46AF913}.Release|x64.ActiveCfg = Release|Any CPU
		{E3601A1D-E365-4E18-92BD-3E1DC46AF913}.Release|x64.Build.0 = Release|Any CPU
		{E3601A1D-E365-4E18-92BD-3E1DC46AF913}.Release|x86.ActiveCfg = Release|Any CPU
		{E3601A1D-E365-4E18-92BD-3E1DC46AF913}.Release|x86.Build.0 = Release|Any CPU
		{42FE5E69-2114-4079-B637-00723ECE77D9}.Debug|Any CPU.ActiveCfg = Debug|Any CPU
		{42FE5E69-2114-4079-B637-00723ECE77D9}.Debug|Any CPU.Build.0 = Debug|Any CPU
		{42FE5E69-2114-4079-B637-00723ECE77D9}.Debug|ARM.ActiveCfg = Debug|Any CPU
		{42FE5E69-2114-4079-B637-00723ECE77D9}.Debug|ARM.Build.0 = Debug|Any CPU
		{42FE5E69-2114-4079-B637-00723ECE77D9}.Debug|x64.ActiveCfg = Debug|Any CPU
		{42FE5E69-2114-4079-B637-00723ECE77D9}.Debug|x64.Build.0 = Debug|Any CPU
		{42FE5E69-2114-4079-B637-00723ECE77D9}.Debug|x86.ActiveCfg = Debug|Any CPU
		{42FE5E69-2114-4079-B637-00723ECE77D9}.Debug|x86.Build.0 = Debug|Any CPU
		{42FE5E69-2114-4079-B637-00723ECE77D9}.Release|Any CPU.ActiveCfg = Release|Any CPU
		{42FE5E69-2114-4079-B637-00723ECE77D9}.Release|Any CPU.Build.0 = Release|Any CPU
		{42FE5E69-2114-4079-B637-00723ECE77D9}.Release|ARM.ActiveCfg = Release|Any CPU
		{42FE5E69-2114-4079-B637-00723ECE77D9}.Release|ARM.Build.0 = Release|Any CPU
		{42FE5E69-2114-4079-B637-00723ECE77D9}.Release|x64.ActiveCfg = Release|Any CPU
		{42FE5E69-2114-4079-B637-00723ECE77D9}.Release|x64.Build.0 = Release|Any CPU
		{42FE5E69-2114-4079-B637-00723ECE77D9}.Release|x86.ActiveCfg = Release|Any CPU
		{42FE5E69-2114-4079-B637-00723ECE77D9}.Release|x86.Build.0 = Release|Any CPU
		{D33C9BE3-3ADB-4908-A5A0-91C040FFD5DD}.Debug|Any CPU.ActiveCfg = Debug|Any CPU
		{D33C9BE3-3ADB-4908-A5A0-91C040FFD5DD}.Debug|Any CPU.Build.0 = Debug|Any CPU
		{D33C9BE3-3ADB-4908-A5A0-91C040FFD5DD}.Debug|ARM.ActiveCfg = Debug|Any CPU
		{D33C9BE3-3ADB-4908-A5A0-91C040FFD5DD}.Debug|ARM.Build.0 = Debug|Any CPU
		{D33C9BE3-3ADB-4908-A5A0-91C040FFD5DD}.Debug|x64.ActiveCfg = Debug|Any CPU
		{D33C9BE3-3ADB-4908-A5A0-91C040FFD5DD}.Debug|x64.Build.0 = Debug|Any CPU
		{D33C9BE3-3ADB-4908-A5A0-91C040FFD5DD}.Debug|x86.ActiveCfg = Debug|Any CPU
		{D33C9BE3-3ADB-4908-A5A0-91C040FFD5DD}.Debug|x86.Build.0 = Debug|Any CPU
		{D33C9BE3-3ADB-4908-A5A0-91C040FFD5DD}.Release|Any CPU.ActiveCfg = Release|Any CPU
		{D33C9BE3-3ADB-4908-A5A0-91C040FFD5DD}.Release|Any CPU.Build.0 = Release|Any CPU
		{D33C9BE3-3ADB-4908-A5A0-91C040FFD5DD}.Release|ARM.ActiveCfg = Release|Any CPU
		{D33C9BE3-3ADB-4908-A5A0-91C040FFD5DD}.Release|ARM.Build.0 = Release|Any CPU
		{D33C9BE3-3ADB-4908-A5A0-91C040FFD5DD}.Release|x64.ActiveCfg = Release|Any CPU
		{D33C9BE3-3ADB-4908-A5A0-91C040FFD5DD}.Release|x64.Build.0 = Release|Any CPU
		{D33C9BE3-3ADB-4908-A5A0-91C040FFD5DD}.Release|x86.ActiveCfg = Release|Any CPU
		{D33C9BE3-3ADB-4908-A5A0-91C040FFD5DD}.Release|x86.Build.0 = Release|Any CPU
		{57866B43-4D7F-49EA-9B2D-6D7508779D53}.Debug|Any CPU.ActiveCfg = Debug|Any CPU
		{57866B43-4D7F-49EA-9B2D-6D7508779D53}.Debug|Any CPU.Build.0 = Debug|Any CPU
		{57866B43-4D7F-49EA-9B2D-6D7508779D53}.Debug|ARM.ActiveCfg = Debug|Any CPU
		{57866B43-4D7F-49EA-9B2D-6D7508779D53}.Debug|ARM.Build.0 = Debug|Any CPU
		{57866B43-4D7F-49EA-9B2D-6D7508779D53}.Debug|x64.ActiveCfg = Debug|Any CPU
		{57866B43-4D7F-49EA-9B2D-6D7508779D53}.Debug|x64.Build.0 = Debug|Any CPU
		{57866B43-4D7F-49EA-9B2D-6D7508779D53}.Debug|x86.ActiveCfg = Debug|Any CPU
		{57866B43-4D7F-49EA-9B2D-6D7508779D53}.Debug|x86.Build.0 = Debug|Any CPU
		{57866B43-4D7F-49EA-9B2D-6D7508779D53}.Release|Any CPU.ActiveCfg = Release|Any CPU
		{57866B43-4D7F-49EA-9B2D-6D7508779D53}.Release|Any CPU.Build.0 = Release|Any CPU
		{57866B43-4D7F-49EA-9B2D-6D7508779D53}.Release|ARM.ActiveCfg = Release|Any CPU
		{57866B43-4D7F-49EA-9B2D-6D7508779D53}.Release|ARM.Build.0 = Release|Any CPU
		{57866B43-4D7F-49EA-9B2D-6D7508779D53}.Release|x64.ActiveCfg = Release|Any CPU
		{57866B43-4D7F-49EA-9B2D-6D7508779D53}.Release|x64.Build.0 = Release|Any CPU
		{57866B43-4D7F-49EA-9B2D-6D7508779D53}.Release|x86.ActiveCfg = Release|Any CPU
		{57866B43-4D7F-49EA-9B2D-6D7508779D53}.Release|x86.Build.0 = Release|Any CPU
		{D0D9E5B0-55DA-4E0E-A55E-5FF2437BC6F3}.Debug|Any CPU.ActiveCfg = Debug|Any CPU
		{D0D9E5B0-55DA-4E0E-A55E-5FF2437BC6F3}.Debug|Any CPU.Build.0 = Debug|Any CPU
		{D0D9E5B0-55DA-4E0E-A55E-5FF2437BC6F3}.Debug|ARM.ActiveCfg = Debug|Any CPU
		{D0D9E5B0-55DA-4E0E-A55E-5FF2437BC6F3}.Debug|ARM.Build.0 = Debug|Any CPU
		{D0D9E5B0-55DA-4E0E-A55E-5FF2437BC6F3}.Debug|x64.ActiveCfg = Debug|Any CPU
		{D0D9E5B0-55DA-4E0E-A55E-5FF2437BC6F3}.Debug|x64.Build.0 = Debug|Any CPU
		{D0D9E5B0-55DA-4E0E-A55E-5FF2437BC6F3}.Debug|x86.ActiveCfg = Debug|Any CPU
		{D0D9E5B0-55DA-4E0E-A55E-5FF2437BC6F3}.Debug|x86.Build.0 = Debug|Any CPU
		{D0D9E5B0-55DA-4E0E-A55E-5FF2437BC6F3}.Release|Any CPU.ActiveCfg = Release|Any CPU
		{D0D9E5B0-55DA-4E0E-A55E-5FF2437BC6F3}.Release|Any CPU.Build.0 = Release|Any CPU
		{D0D9E5B0-55DA-4E0E-A55E-5FF2437BC6F3}.Release|ARM.ActiveCfg = Release|Any CPU
		{D0D9E5B0-55DA-4E0E-A55E-5FF2437BC6F3}.Release|ARM.Build.0 = Release|Any CPU
		{D0D9E5B0-55DA-4E0E-A55E-5FF2437BC6F3}.Release|x64.ActiveCfg = Release|Any CPU
		{D0D9E5B0-55DA-4E0E-A55E-5FF2437BC6F3}.Release|x64.Build.0 = Release|Any CPU
		{D0D9E5B0-55DA-4E0E-A55E-5FF2437BC6F3}.Release|x86.ActiveCfg = Release|Any CPU
		{D0D9E5B0-55DA-4E0E-A55E-5FF2437BC6F3}.Release|x86.Build.0 = Release|Any CPU
	EndGlobalSection
	GlobalSection(SolutionProperties) = preSolution
		HideSolutionNode = FALSE
	EndGlobalSection
	GlobalSection(NestedProjects) = preSolution
		{B618BA99-A071-4359-A6DE-96AABF5EAA8D} = {23BC8D6F-CB57-44E6-B15F-AE2ED00B19A4}
		{4DA6E73D-0A92-4FDA-911D-A5FE93EDF59F} = {23BC8D6F-CB57-44E6-B15F-AE2ED00B19A4}
		{D91A3688-6E7B-4300-9F90-C40DED437535} = {23BC8D6F-CB57-44E6-B15F-AE2ED00B19A4}
		{D4F5C0B6-28B3-4726-B543-EDB87BC83867} = {23BC8D6F-CB57-44E6-B15F-AE2ED00B19A4}
		{E3601A1D-E365-4E18-92BD-3E1DC46AF913} = {517BA2DB-D712-431D-BFD7-D7F04E3D2555}
		{42FE5E69-2114-4079-B637-00723ECE77D9} = {517BA2DB-D712-431D-BFD7-D7F04E3D2555}
		{57866B43-4D7F-49EA-9B2D-6D7508779D53} = {517BA2DB-D712-431D-BFD7-D7F04E3D2555}
	EndGlobalSection
	GlobalSection(ExtensibilityGlobals) = postSolution
		SolutionGuid = {09385D0A-E86E-4CF5-BD58-B186C62B2D45}
	EndGlobalSection
EndGlobal
