
Microsoft Visual Studio Solution File, Format Version 12.00
# Visual Studio 15
VisualStudioVersion = 15.0.27703.1
MinimumVisualStudioVersion = 10.0.40219.1
Project("{FAE04EC0-301F-11D3-BF4B-00C04F79EFBC}") = "app.lottery.site", "app.lottery.site\app.lottery.site.csproj", "{45640419-6A23-4B83-8323-FCE5FA0155EB}"
EndProject
Project("{FAE04EC0-301F-11D3-BF4B-00C04F79EFBC}") = "EntityModel", "EntityModel\EntityModel.csproj", "{3F31DCBE-9402-434F-8D8E-6CBF65F17C05}"
EndProject
Project("{FAE04EC0-301F-11D3-BF4B-00C04F79EFBC}") = "Kason.Net.Common", "Kason.Net.Common\Kason.Net.Common.csproj", "{019B230F-1778-4680-BA6B-F727FB5E93B1}"
EndProject
Project("{FAE04EC0-301F-11D3-BF4B-00C04F79EFBC}") = "Common.Lottery.Redis", "..\..\..\..\gongcheng\old_caipiao\10.Common\Common.Lottery.Redis\Common.Lottery.Redis.csproj", "{4EC4118B-FE8A-4569-A0E2-69CBCCED9ECD}"
EndProject
Global
	GlobalSection(SolutionConfigurationPlatforms) = preSolution
		Debug|Any CPU = Debug|Any CPU
		Debug|Mixed Platforms = Debug|Mixed Platforms
		Debug|x86 = Debug|x86
		Publish|Any CPU = Publish|Any CPU
		Publish|Mixed Platforms = Publish|Mixed Platforms
		Publish|x86 = Publish|x86
		Release|Any CPU = Release|Any CPU
		Release|Mixed Platforms = Release|Mixed Platforms
		Release|x86 = Release|x86
	EndGlobalSection
	GlobalSection(ProjectConfigurationPlatforms) = postSolution
		{45640419-6A23-4B83-8323-FCE5FA0155EB}.Debug|Any CPU.ActiveCfg = Debug|Any CPU
		{45640419-6A23-4B83-8323-FCE5FA0155EB}.Debug|Any CPU.Build.0 = Debug|Any CPU
		{45640419-6A23-4B83-8323-FCE5FA0155EB}.Debug|Mixed Platforms.ActiveCfg = Debug|Any CPU
		{45640419-6A23-4B83-8323-FCE5FA0155EB}.Debug|Mixed Platforms.Build.0 = Debug|Any CPU
		{45640419-6A23-4B83-8323-FCE5FA0155EB}.Debug|x86.ActiveCfg = Debug|Any CPU
		{45640419-6A23-4B83-8323-FCE5FA0155EB}.Publish|Any CPU.ActiveCfg = Release|Any CPU
		{45640419-6A23-4B83-8323-FCE5FA0155EB}.Publish|Any CPU.Build.0 = Release|Any CPU
		{45640419-6A23-4B83-8323-FCE5FA0155EB}.Publish|Mixed Platforms.ActiveCfg = Release|Any CPU
		{45640419-6A23-4B83-8323-FCE5FA0155EB}.Publish|Mixed Platforms.Build.0 = Release|Any CPU
		{45640419-6A23-4B83-8323-FCE5FA0155EB}.Publish|x86.ActiveCfg = Release|Any CPU
		{45640419-6A23-4B83-8323-FCE5FA0155EB}.Release|Any CPU.ActiveCfg = Release|Any CPU
		{45640419-6A23-4B83-8323-FCE5FA0155EB}.Release|Any CPU.Build.0 = Release|Any CPU
		{45640419-6A23-4B83-8323-FCE5FA0155EB}.Release|Mixed Platforms.ActiveCfg = Release|Any CPU
		{45640419-6A23-4B83-8323-FCE5FA0155EB}.Release|Mixed Platforms.Build.0 = Release|Any CPU
		{45640419-6A23-4B83-8323-FCE5FA0155EB}.Release|x86.ActiveCfg = Release|Any CPU
		{3F31DCBE-9402-434F-8D8E-6CBF65F17C05}.Debug|Any CPU.ActiveCfg = Debug|Any CPU
		{3F31DCBE-9402-434F-8D8E-6CBF65F17C05}.Debug|Any CPU.Build.0 = Debug|Any CPU
		{3F31DCBE-9402-434F-8D8E-6CBF65F17C05}.Debug|Mixed Platforms.ActiveCfg = Debug|Any CPU
		{3F31DCBE-9402-434F-8D8E-6CBF65F17C05}.Debug|Mixed Platforms.Build.0 = Debug|Any CPU
		{3F31DCBE-9402-434F-8D8E-6CBF65F17C05}.Debug|x86.ActiveCfg = Debug|Any CPU
		{3F31DCBE-9402-434F-8D8E-6CBF65F17C05}.Debug|x86.Build.0 = Debug|Any CPU
		{3F31DCBE-9402-434F-8D8E-6CBF65F17C05}.Publish|Any CPU.ActiveCfg = Release|Any CPU
		{3F31DCBE-9402-434F-8D8E-6CBF65F17C05}.Publish|Any CPU.Build.0 = Release|Any CPU
		{3F31DCBE-9402-434F-8D8E-6CBF65F17C05}.Publish|Mixed Platforms.ActiveCfg = Release|Any CPU
		{3F31DCBE-9402-434F-8D8E-6CBF65F17C05}.Publish|Mixed Platforms.Build.0 = Release|Any CPU
		{3F31DCBE-9402-434F-8D8E-6CBF65F17C05}.Publish|x86.ActiveCfg = Release|Any CPU
		{3F31DCBE-9402-434F-8D8E-6CBF65F17C05}.Publish|x86.Build.0 = Release|Any CPU
		{3F31DCBE-9402-434F-8D8E-6CBF65F17C05}.Release|Any CPU.ActiveCfg = Release|Any CPU
		{3F31DCBE-9402-434F-8D8E-6CBF65F17C05}.Release|Any CPU.Build.0 = Release|Any CPU
		{3F31DCBE-9402-434F-8D8E-6CBF65F17C05}.Release|Mixed Platforms.ActiveCfg = Release|Any CPU
		{3F31DCBE-9402-434F-8D8E-6CBF65F17C05}.Release|Mixed Platforms.Build.0 = Release|Any CPU
		{3F31DCBE-9402-434F-8D8E-6CBF65F17C05}.Release|x86.ActiveCfg = Release|Any CPU
		{3F31DCBE-9402-434F-8D8E-6CBF65F17C05}.Release|x86.Build.0 = Release|Any CPU
		{019B230F-1778-4680-BA6B-F727FB5E93B1}.Debug|Any CPU.ActiveCfg = Debug|Any CPU
		{019B230F-1778-4680-BA6B-F727FB5E93B1}.Debug|Any CPU.Build.0 = Debug|Any CPU
		{019B230F-1778-4680-BA6B-F727FB5E93B1}.Debug|Mixed Platforms.ActiveCfg = Debug|Any CPU
		{019B230F-1778-4680-BA6B-F727FB5E93B1}.Debug|Mixed Platforms.Build.0 = Debug|Any CPU
		{019B230F-1778-4680-BA6B-F727FB5E93B1}.Debug|x86.ActiveCfg = Debug|Any CPU
		{019B230F-1778-4680-BA6B-F727FB5E93B1}.Debug|x86.Build.0 = Debug|Any CPU
		{019B230F-1778-4680-BA6B-F727FB5E93B1}.Publish|Any CPU.ActiveCfg = Release|Any CPU
		{019B230F-1778-4680-BA6B-F727FB5E93B1}.Publish|Any CPU.Build.0 = Release|Any CPU
		{019B230F-1778-4680-BA6B-F727FB5E93B1}.Publish|Mixed Platforms.ActiveCfg = Release|Any CPU
		{019B230F-1778-4680-BA6B-F727FB5E93B1}.Publish|Mixed Platforms.Build.0 = Release|Any CPU
		{019B230F-1778-4680-BA6B-F727FB5E93B1}.Publish|x86.ActiveCfg = Release|Any CPU
		{019B230F-1778-4680-BA6B-F727FB5E93B1}.Publish|x86.Build.0 = Release|Any CPU
		{019B230F-1778-4680-BA6B-F727FB5E93B1}.Release|Any CPU.ActiveCfg = Release|Any CPU
		{019B230F-1778-4680-BA6B-F727FB5E93B1}.Release|Any CPU.Build.0 = Release|Any CPU
		{019B230F-1778-4680-BA6B-F727FB5E93B1}.Release|Mixed Platforms.ActiveCfg = Release|Any CPU
		{019B230F-1778-4680-BA6B-F727FB5E93B1}.Release|Mixed Platforms.Build.0 = Release|Any CPU
		{019B230F-1778-4680-BA6B-F727FB5E93B1}.Release|x86.ActiveCfg = Release|Any CPU
		{019B230F-1778-4680-BA6B-F727FB5E93B1}.Release|x86.Build.0 = Release|Any CPU
		{4EC4118B-FE8A-4569-A0E2-69CBCCED9ECD}.Debug|Any CPU.ActiveCfg = Debug|Any CPU
		{4EC4118B-FE8A-4569-A0E2-69CBCCED9ECD}.Debug|Any CPU.Build.0 = Debug|Any CPU
		{4EC4118B-FE8A-4569-A0E2-69CBCCED9ECD}.Debug|Mixed Platforms.ActiveCfg = Debug|Any CPU
		{4EC4118B-FE8A-4569-A0E2-69CBCCED9ECD}.Debug|Mixed Platforms.Build.0 = Debug|Any CPU
		{4EC4118B-FE8A-4569-A0E2-69CBCCED9ECD}.Debug|x86.ActiveCfg = Debug|Any CPU
		{4EC4118B-FE8A-4569-A0E2-69CBCCED9ECD}.Debug|x86.Build.0 = Debug|Any CPU
		{4EC4118B-FE8A-4569-A0E2-69CBCCED9ECD}.Publish|Any CPU.ActiveCfg = Release|Any CPU
		{4EC4118B-FE8A-4569-A0E2-69CBCCED9ECD}.Publish|Any CPU.Build.0 = Release|Any CPU
		{4EC4118B-FE8A-4569-A0E2-69CBCCED9ECD}.Publish|Mixed Platforms.ActiveCfg = Release|Any CPU
		{4EC4118B-FE8A-4569-A0E2-69CBCCED9ECD}.Publish|Mixed Platforms.Build.0 = Release|Any CPU
		{4EC4118B-FE8A-4569-A0E2-69CBCCED9ECD}.Publish|x86.ActiveCfg = Release|Any CPU
		{4EC4118B-FE8A-4569-A0E2-69CBCCED9ECD}.Publish|x86.Build.0 = Release|Any CPU
		{4EC4118B-FE8A-4569-A0E2-69CBCCED9ECD}.Release|Any CPU.ActiveCfg = Release|Any CPU
		{4EC4118B-FE8A-4569-A0E2-69CBCCED9ECD}.Release|Any CPU.Build.0 = Release|Any CPU
		{4EC4118B-FE8A-4569-A0E2-69CBCCED9ECD}.Release|Mixed Platforms.ActiveCfg = Release|Any CPU
		{4EC4118B-FE8A-4569-A0E2-69CBCCED9ECD}.Release|Mixed Platforms.Build.0 = Release|Any CPU
		{4EC4118B-FE8A-4569-A0E2-69CBCCED9ECD}.Release|x86.ActiveCfg = Release|Any CPU
		{4EC4118B-FE8A-4569-A0E2-69CBCCED9ECD}.Release|x86.Build.0 = Release|Any CPU
	EndGlobalSection
	GlobalSection(SolutionProperties) = preSolution
		HideSolutionNode = FALSE
	EndGlobalSection
	GlobalSection(ExtensibilityGlobals) = postSolution
		SolutionGuid = {2E0016C2-6FEA-4A21-96C6-A3639062E172}
	EndGlobalSection
EndGlobal
