
Microsoft Visual Studio Solution File, Format Version 12.00
# Visual Studio 15
VisualStudioVersion = 15.0.27703.2000
MinimumVisualStudioVersion = 10.0.40219.1
Project("{9A19103F-16F7-4668-BE54-9A1E7A4F7556}") = "Lottery.ServiceMg.Controllers", "Lottery.ServiceMg.Controllers\Lottery.ServiceMg.Controllers.csproj", "{8F8B19F5-2EDE-43A7-8A5A-56E65D70EE7E}"
EndProject
Project("{9A19103F-16F7-4668-BE54-9A1E7A4F7556}") = "EntityModel", "..\CommonLib\EntityModel\EntityModel.csproj", "{B618BA99-A071-4359-A6DE-96AABF5EAA8D}"
EndProject
Project("{9A19103F-16F7-4668-BE54-9A1E7A4F7556}") = "KaSon.FrameWork.Common", "..\CommonLib\KaSon.FrameWork.Common\KaSon.FrameWork.Common.csproj", "{4DA6E73D-0A92-4FDA-911D-A5FE93EDF59F}"
EndProject
Project("{9A19103F-16F7-4668-BE54-9A1E7A4F7556}") = "KaSon.FrameWork.Analyzer", "..\CommonLib\KaSon.FrameWork.Analyzer\KaSon.FrameWork.Analyzer.csproj", "{D91A3688-6E7B-4300-9F90-C40DED437535}"
EndProject
Project("{9A19103F-16F7-4668-BE54-9A1E7A4F7556}") = "CSRedisCore", "..\CommonLib\csredis-master\CSRedisCore.csproj", "{D4F5C0B6-28B3-4726-B543-EDB87BC83867}"
EndProject
Project("{2150E333-8FDC-42A3-9474-1A3956D46DE8}") = "FrameWork", "FrameWork", "{23BC8D6F-CB57-44E6-B15F-AE2ED00B19A4}"
EndProject
Project("{9A19103F-16F7-4668-BE54-9A1E7A4F7556}") = "Lottery.AdminApi", "Lottery.AdminApi\Lottery.ApiGateway\Lottery.AdminApi.csproj", "{109F4A73-835A-4974-9FCA-077D6A1F6F8C}"
EndProject
Project("{9A19103F-16F7-4668-BE54-9A1E7A4F7556}") = "Lottery.AdminApi.Controllers", "Lottery.AdminApi.Controllers\Lottery.AdminApi.Controllers.csproj", "{DF2A6F6B-CB8E-44DE-BB73-F00AA2ED481E}"
EndProject
Project("{9A19103F-16F7-4668-BE54-9A1E7A4F7556}") = "Lottery.AdminApi.Model", "Lottery.AdminApi.Model\Lottery.AdminApi.Model.csproj", "{1C973D44-9730-4A88-ACA3-8FAC890C3F5D}"
EndProject
Project("{9A19103F-16F7-4668-BE54-9A1E7A4F7556}") = "KaSon.FrameWork.ORM.Helper", "..\CommonLib\KaSon.FrameWork.ORM.Helper\KaSon.FrameWork.ORM.Helper.csproj", "{DA5F55D0-71B5-44E1-A19C-A6B641F20B6D}"
EndProject
Global
	GlobalSection(SolutionConfigurationPlatforms) = preSolution
		Debug|Any CPU = Debug|Any CPU
		Debug|ARM = Debug|ARM
		Debug|x64 = Debug|x64
		Debug|x86 = Debug|x86
		Release|Any CPU = Release|Any CPU
		Release|ARM = Release|ARM
		Release|x64 = Release|x64
		Release|x86 = Release|x86
	EndGlobalSection
	GlobalSection(ProjectConfigurationPlatforms) = postSolution
		{8F8B19F5-2EDE-43A7-8A5A-56E65D70EE7E}.Debug|Any CPU.ActiveCfg = Debug|Any CPU
		{8F8B19F5-2EDE-43A7-8A5A-56E65D70EE7E}.Debug|Any CPU.Build.0 = Debug|Any CPU
		{8F8B19F5-2EDE-43A7-8A5A-56E65D70EE7E}.Debug|ARM.ActiveCfg = Debug|Any CPU
		{8F8B19F5-2EDE-43A7-8A5A-56E65D70EE7E}.Debug|ARM.Build.0 = Debug|Any CPU
		{8F8B19F5-2EDE-43A7-8A5A-56E65D70EE7E}.Debug|x64.ActiveCfg = Debug|Any CPU
		{8F8B19F5-2EDE-43A7-8A5A-56E65D70EE7E}.Debug|x64.Build.0 = Debug|Any CPU
		{8F8B19F5-2EDE-43A7-8A5A-56E65D70EE7E}.Debug|x86.ActiveCfg = Debug|Any CPU
		{8F8B19F5-2EDE-43A7-8A5A-56E65D70EE7E}.Debug|x86.Build.0 = Debug|Any CPU
		{8F8B19F5-2EDE-43A7-8A5A-56E65D70EE7E}.Release|Any CPU.ActiveCfg = Release|Any CPU
		{8F8B19F5-2EDE-43A7-8A5A-56E65D70EE7E}.Release|Any CPU.Build.0 = Release|Any CPU
		{8F8B19F5-2EDE-43A7-8A5A-56E65D70EE7E}.Release|ARM.ActiveCfg = Release|Any CPU
		{8F8B19F5-2EDE-43A7-8A5A-56E65D70EE7E}.Release|ARM.Build.0 = Release|Any CPU
		{8F8B19F5-2EDE-43A7-8A5A-56E65D70EE7E}.Release|x64.ActiveCfg = Release|Any CPU
		{8F8B19F5-2EDE-43A7-8A5A-56E65D70EE7E}.Release|x64.Build.0 = Release|Any CPU
		{8F8B19F5-2EDE-43A7-8A5A-56E65D70EE7E}.Release|x86.ActiveCfg = Release|Any CPU
		{8F8B19F5-2EDE-43A7-8A5A-56E65D70EE7E}.Release|x86.Build.0 = Release|Any CPU
		{B618BA99-A071-4359-A6DE-96AABF5EAA8D}.Debug|Any CPU.ActiveCfg = Debug|Any CPU
		{B618BA99-A071-4359-A6DE-96AABF5EAA8D}.Debug|Any CPU.Build.0 = Debug|Any CPU
		{B618BA99-A071-4359-A6DE-96AABF5EAA8D}.Debug|ARM.ActiveCfg = Debug|Any CPU
		{B618BA99-A071-4359-A6DE-96AABF5EAA8D}.Debug|ARM.Build.0 = Debug|Any CPU
		{B618BA99-A071-4359-A6DE-96AABF5EAA8D}.Debug|x64.ActiveCfg = Debug|Any CPU
		{B618BA99-A071-4359-A6DE-96AABF5EAA8D}.Debug|x64.Build.0 = Debug|Any CPU
		{B618BA99-A071-4359-A6DE-96AABF5EAA8D}.Debug|x86.ActiveCfg = Debug|Any CPU
		{B618BA99-A071-4359-A6DE-96AABF5EAA8D}.Debug|x86.Build.0 = Debug|Any CPU
		{B618BA99-A071-4359-A6DE-96AABF5EAA8D}.Release|Any CPU.ActiveCfg = Release|Any CPU
		{B618BA99-A071-4359-A6DE-96AABF5EAA8D}.Release|Any CPU.Build.0 = Release|Any CPU
		{B618BA99-A071-4359-A6DE-96AABF5EAA8D}.Release|ARM.ActiveCfg = Release|Any CPU
		{B618BA99-A071-4359-A6DE-96AABF5EAA8D}.Release|ARM.Build.0 = Release|Any CPU
		{B618BA99-A071-4359-A6DE-96AABF5EAA8D}.Release|x64.ActiveCfg = Release|Any CPU
		{B618BA99-A071-4359-A6DE-96AABF5EAA8D}.Release|x64.Build.0 = Release|Any CPU
		{B618BA99-A071-4359-A6DE-96AABF5EAA8D}.Release|x86.ActiveCfg = Release|Any CPU
		{B618BA99-A071-4359-A6DE-96AABF5EAA8D}.Release|x86.Build.0 = Release|Any CPU
		{4DA6E73D-0A92-4FDA-911D-A5FE93EDF59F}.Debug|Any CPU.ActiveCfg = Debug|Any CPU
		{4DA6E73D-0A92-4FDA-911D-A5FE93EDF59F}.Debug|Any CPU.Build.0 = Debug|Any CPU
		{4DA6E73D-0A92-4FDA-911D-A5FE93EDF59F}.Debug|ARM.ActiveCfg = Debug|Any CPU
		{4DA6E73D-0A92-4FDA-911D-A5FE93EDF59F}.Debug|ARM.Build.0 = Debug|Any CPU
		{4DA6E73D-0A92-4FDA-911D-A5FE93EDF59F}.Debug|x64.ActiveCfg = Debug|Any CPU
		{4DA6E73D-0A92-4FDA-911D-A5FE93EDF59F}.Debug|x64.Build.0 = Debug|Any CPU
		{4DA6E73D-0A92-4FDA-911D-A5FE93EDF59F}.Debug|x86.ActiveCfg = Debug|Any CPU
		{4DA6E73D-0A92-4FDA-911D-A5FE93EDF59F}.Debug|x86.Build.0 = Debug|Any CPU
		{4DA6E73D-0A92-4FDA-911D-A5FE93EDF59F}.Release|Any CPU.ActiveCfg = Release|Any CPU
		{4DA6E73D-0A92-4FDA-911D-A5FE93EDF59F}.Release|Any CPU.Build.0 = Release|Any CPU
		{4DA6E73D-0A92-4FDA-911D-A5FE93EDF59F}.Release|ARM.ActiveCfg = Release|Any CPU
		{4DA6E73D-0A92-4FDA-911D-A5FE93EDF59F}.Release|ARM.Build.0 = Release|Any CPU
		{4DA6E73D-0A92-4FDA-911D-A5FE93EDF59F}.Release|x64.ActiveCfg = Release|Any CPU
		{4DA6E73D-0A92-4FDA-911D-A5FE93EDF59F}.Release|x64.Build.0 = Release|Any CPU
		{4DA6E73D-0A92-4FDA-911D-A5FE93EDF59F}.Release|x86.ActiveCfg = Release|Any CPU
		{4DA6E73D-0A92-4FDA-911D-A5FE93EDF59F}.Release|x86.Build.0 = Release|Any CPU
		{D91A3688-6E7B-4300-9F90-C40DED437535}.Debug|Any CPU.ActiveCfg = Debug|Any CPU
		{D91A3688-6E7B-4300-9F90-C40DED437535}.Debug|Any CPU.Build.0 = Debug|Any CPU
		{D91A3688-6E7B-4300-9F90-C40DED437535}.Debug|ARM.ActiveCfg = Debug|Any CPU
		{D91A3688-6E7B-4300-9F90-C40DED437535}.Debug|ARM.Build.0 = Debug|Any CPU
		{D91A3688-6E7B-4300-9F90-C40DED437535}.Debug|x64.ActiveCfg = Debug|Any CPU
		{D91A3688-6E7B-4300-9F90-C40DED437535}.Debug|x64.Build.0 = Debug|Any CPU
		{D91A3688-6E7B-4300-9F90-C40DED437535}.Debug|x86.ActiveCfg = Debug|Any CPU
		{D91A3688-6E7B-4300-9F90-C40DED437535}.Debug|x86.Build.0 = Debug|Any CPU
		{D91A3688-6E7B-4300-9F90-C40DED437535}.Release|Any CPU.ActiveCfg = Release|Any CPU
		{D91A3688-6E7B-4300-9F90-C40DED437535}.Release|Any CPU.Build.0 = Release|Any CPU
		{D91A3688-6E7B-4300-9F90-C40DED437535}.Release|ARM.ActiveCfg = Release|Any CPU
		{D91A3688-6E7B-4300-9F90-C40DED437535}.Release|ARM.Build.0 = Release|Any CPU
		{D91A3688-6E7B-4300-9F90-C40DED437535}.Release|x64.ActiveCfg = Release|Any CPU
		{D91A3688-6E7B-4300-9F90-C40DED437535}.Release|x64.Build.0 = Release|Any CPU
		{D91A3688-6E7B-4300-9F90-C40DED437535}.Release|x86.ActiveCfg = Release|Any CPU
		{D91A3688-6E7B-4300-9F90-C40DED437535}.Release|x86.Build.0 = Release|Any CPU
		{D4F5C0B6-28B3-4726-B543-EDB87BC83867}.Debug|Any CPU.ActiveCfg = Debug|Any CPU
		{D4F5C0B6-28B3-4726-B543-EDB87BC83867}.Debug|Any CPU.Build.0 = Debug|Any CPU
		{D4F5C0B6-28B3-4726-B543-EDB87BC83867}.Debug|ARM.ActiveCfg = Debug|Any CPU
		{D4F5C0B6-28B3-4726-B543-EDB87BC83867}.Debug|ARM.Build.0 = Debug|Any CPU
		{D4F5C0B6-28B3-4726-B543-EDB87BC83867}.Debug|x64.ActiveCfg = Debug|Any CPU
		{D4F5C0B6-28B3-4726-B543-EDB87BC83867}.Debug|x64.Build.0 = Debug|Any CPU
		{D4F5C0B6-28B3-4726-B543-EDB87BC83867}.Debug|x86.ActiveCfg = Debug|Any CPU
		{D4F5C0B6-28B3-4726-B543-EDB87BC83867}.Debug|x86.Build.0 = Debug|Any CPU
		{D4F5C0B6-28B3-4726-B543-EDB87BC83867}.Release|Any CPU.ActiveCfg = Release|Any CPU
		{D4F5C0B6-28B3-4726-B543-EDB87BC83867}.Release|Any CPU.Build.0 = Release|Any CPU
		{D4F5C0B6-28B3-4726-B543-EDB87BC83867}.Release|ARM.ActiveCfg = Release|Any CPU
		{D4F5C0B6-28B3-4726-B543-EDB87BC83867}.Release|ARM.Build.0 = Release|Any CPU
		{D4F5C0B6-28B3-4726-B543-EDB87BC83867}.Release|x64.ActiveCfg = Release|Any CPU
		{D4F5C0B6-28B3-4726-B543-EDB87BC83867}.Release|x64.Build.0 = Release|Any CPU
		{D4F5C0B6-28B3-4726-B543-EDB87BC83867}.Release|x86.ActiveCfg = Release|Any CPU
		{D4F5C0B6-28B3-4726-B543-EDB87BC83867}.Release|x86.Build.0 = Release|Any CPU
		{109F4A73-835A-4974-9FCA-077D6A1F6F8C}.Debug|Any CPU.ActiveCfg = Debug|Any CPU
		{109F4A73-835A-4974-9FCA-077D6A1F6F8C}.Debug|Any CPU.Build.0 = Debug|Any CPU
		{109F4A73-835A-4974-9FCA-077D6A1F6F8C}.Debug|ARM.ActiveCfg = Debug|Any CPU
		{109F4A73-835A-4974-9FCA-077D6A1F6F8C}.Debug|ARM.Build.0 = Debug|Any CPU
		{109F4A73-835A-4974-9FCA-077D6A1F6F8C}.Debug|x64.ActiveCfg = Debug|Any CPU
		{109F4A73-835A-4974-9FCA-077D6A1F6F8C}.Debug|x64.Build.0 = Debug|Any CPU
		{109F4A73-835A-4974-9FCA-077D6A1F6F8C}.Debug|x86.ActiveCfg = Debug|Any CPU
		{109F4A73-835A-4974-9FCA-077D6A1F6F8C}.Debug|x86.Build.0 = Debug|Any CPU
		{109F4A73-835A-4974-9FCA-077D6A1F6F8C}.Release|Any CPU.ActiveCfg = Release|Any CPU
		{109F4A73-835A-4974-9FCA-077D6A1F6F8C}.Release|Any CPU.Build.0 = Release|Any CPU
		{109F4A73-835A-4974-9FCA-077D6A1F6F8C}.Release|ARM.ActiveCfg = Release|Any CPU
		{109F4A73-835A-4974-9FCA-077D6A1F6F8C}.Release|ARM.Build.0 = Release|Any CPU
		{109F4A73-835A-4974-9FCA-077D6A1F6F8C}.Release|x64.ActiveCfg = Release|Any CPU
		{109F4A73-835A-4974-9FCA-077D6A1F6F8C}.Release|x64.Build.0 = Release|Any CPU
		{109F4A73-835A-4974-9FCA-077D6A1F6F8C}.Release|x86.ActiveCfg = Release|Any CPU
		{109F4A73-835A-4974-9FCA-077D6A1F6F8C}.Release|x86.Build.0 = Release|Any CPU
		{DF2A6F6B-CB8E-44DE-BB73-F00AA2ED481E}.Debug|Any CPU.ActiveCfg = Debug|Any CPU
		{DF2A6F6B-CB8E-44DE-BB73-F00AA2ED481E}.Debug|Any CPU.Build.0 = Debug|Any CPU
		{DF2A6F6B-CB8E-44DE-BB73-F00AA2ED481E}.Debug|ARM.ActiveCfg = Debug|Any CPU
		{DF2A6F6B-CB8E-44DE-BB73-F00AA2ED481E}.Debug|ARM.Build.0 = Debug|Any CPU
		{DF2A6F6B-CB8E-44DE-BB73-F00AA2ED481E}.Debug|x64.ActiveCfg = Debug|Any CPU
		{DF2A6F6B-CB8E-44DE-BB73-F00AA2ED481E}.Debug|x64.Build.0 = Debug|Any CPU
		{DF2A6F6B-CB8E-44DE-BB73-F00AA2ED481E}.Debug|x86.ActiveCfg = Debug|Any CPU
		{DF2A6F6B-CB8E-44DE-BB73-F00AA2ED481E}.Debug|x86.Build.0 = Debug|Any CPU
		{DF2A6F6B-CB8E-44DE-BB73-F00AA2ED481E}.Release|Any CPU.ActiveCfg = Release|Any CPU
		{DF2A6F6B-CB8E-44DE-BB73-F00AA2ED481E}.Release|Any CPU.Build.0 = Release|Any CPU
		{DF2A6F6B-CB8E-44DE-BB73-F00AA2ED481E}.Release|ARM.ActiveCfg = Release|Any CPU
		{DF2A6F6B-CB8E-44DE-BB73-F00AA2ED481E}.Release|ARM.Build.0 = Release|Any CPU
		{DF2A6F6B-CB8E-44DE-BB73-F00AA2ED481E}.Release|x64.ActiveCfg = Release|Any CPU
		{DF2A6F6B-CB8E-44DE-BB73-F00AA2ED481E}.Release|x64.Build.0 = Release|Any CPU
		{DF2A6F6B-CB8E-44DE-BB73-F00AA2ED481E}.Release|x86.ActiveCfg = Release|Any CPU
		{DF2A6F6B-CB8E-44DE-BB73-F00AA2ED481E}.Release|x86.Build.0 = Release|Any CPU
		{1C973D44-9730-4A88-ACA3-8FAC890C3F5D}.Debug|Any CPU.ActiveCfg = Debug|Any CPU
		{1C973D44-9730-4A88-ACA3-8FAC890C3F5D}.Debug|Any CPU.Build.0 = Debug|Any CPU
		{1C973D44-9730-4A88-ACA3-8FAC890C3F5D}.Debug|ARM.ActiveCfg = Debug|Any CPU
		{1C973D44-9730-4A88-ACA3-8FAC890C3F5D}.Debug|ARM.Build.0 = Debug|Any CPU
		{1C973D44-9730-4A88-ACA3-8FAC890C3F5D}.Debug|x64.ActiveCfg = Debug|Any CPU
		{1C973D44-9730-4A88-ACA3-8FAC890C3F5D}.Debug|x64.Build.0 = Debug|Any CPU
		{1C973D44-9730-4A88-ACA3-8FAC890C3F5D}.Debug|x86.ActiveCfg = Debug|Any CPU
		{1C973D44-9730-4A88-ACA3-8FAC890C3F5D}.Debug|x86.Build.0 = Debug|Any CPU
		{1C973D44-9730-4A88-ACA3-8FAC890C3F5D}.Release|Any CPU.ActiveCfg = Release|Any CPU
		{1C973D44-9730-4A88-ACA3-8FAC890C3F5D}.Release|Any CPU.Build.0 = Release|Any CPU
		{1C973D44-9730-4A88-ACA3-8FAC890C3F5D}.Release|ARM.ActiveCfg = Release|Any CPU
		{1C973D44-9730-4A88-ACA3-8FAC890C3F5D}.Release|ARM.Build.0 = Release|Any CPU
		{1C973D44-9730-4A88-ACA3-8FAC890C3F5D}.Release|x64.ActiveCfg = Release|Any CPU
		{1C973D44-9730-4A88-ACA3-8FAC890C3F5D}.Release|x64.Build.0 = Release|Any CPU
		{1C973D44-9730-4A88-ACA3-8FAC890C3F5D}.Release|x86.ActiveCfg = Release|Any CPU
		{1C973D44-9730-4A88-ACA3-8FAC890C3F5D}.Release|x86.Build.0 = Release|Any CPU
		{DA5F55D0-71B5-44E1-A19C-A6B641F20B6D}.Debug|Any CPU.ActiveCfg = Debug|Any CPU
		{DA5F55D0-71B5-44E1-A19C-A6B641F20B6D}.Debug|Any CPU.Build.0 = Debug|Any CPU
		{DA5F55D0-71B5-44E1-A19C-A6B641F20B6D}.Debug|ARM.ActiveCfg = Debug|Any CPU
		{DA5F55D0-71B5-44E1-A19C-A6B641F20B6D}.Debug|ARM.Build.0 = Debug|Any CPU
		{DA5F55D0-71B5-44E1-A19C-A6B641F20B6D}.Debug|x64.ActiveCfg = Debug|Any CPU
		{DA5F55D0-71B5-44E1-A19C-A6B641F20B6D}.Debug|x64.Build.0 = Debug|Any CPU
		{DA5F55D0-71B5-44E1-A19C-A6B641F20B6D}.Debug|x86.ActiveCfg = Debug|Any CPU
		{DA5F55D0-71B5-44E1-A19C-A6B641F20B6D}.Debug|x86.Build.0 = Debug|Any CPU
		{DA5F55D0-71B5-44E1-A19C-A6B641F20B6D}.Release|Any CPU.ActiveCfg = Release|Any CPU
		{DA5F55D0-71B5-44E1-A19C-A6B641F20B6D}.Release|Any CPU.Build.0 = Release|Any CPU
		{DA5F55D0-71B5-44E1-A19C-A6B641F20B6D}.Release|ARM.ActiveCfg = Release|Any CPU
		{DA5F55D0-71B5-44E1-A19C-A6B641F20B6D}.Release|ARM.Build.0 = Release|Any CPU
		{DA5F55D0-71B5-44E1-A19C-A6B641F20B6D}.Release|x64.ActiveCfg = Release|Any CPU
		{DA5F55D0-71B5-44E1-A19C-A6B641F20B6D}.Release|x64.Build.0 = Release|Any CPU
		{DA5F55D0-71B5-44E1-A19C-A6B641F20B6D}.Release|x86.ActiveCfg = Release|Any CPU
		{DA5F55D0-71B5-44E1-A19C-A6B641F20B6D}.Release|x86.Build.0 = Release|Any CPU
	EndGlobalSection
	GlobalSection(SolutionProperties) = preSolution
		HideSolutionNode = FALSE
	EndGlobalSection
	GlobalSection(NestedProjects) = preSolution
		{B618BA99-A071-4359-A6DE-96AABF5EAA8D} = {23BC8D6F-CB57-44E6-B15F-AE2ED00B19A4}
		{4DA6E73D-0A92-4FDA-911D-A5FE93EDF59F} = {23BC8D6F-CB57-44E6-B15F-AE2ED00B19A4}
		{D91A3688-6E7B-4300-9F90-C40DED437535} = {23BC8D6F-CB57-44E6-B15F-AE2ED00B19A4}
		{D4F5C0B6-28B3-4726-B543-EDB87BC83867} = {23BC8D6F-CB57-44E6-B15F-AE2ED00B19A4}
	EndGlobalSection
	GlobalSection(ExtensibilityGlobals) = postSolution
		SolutionGuid = {09385D0A-E86E-4CF5-BD58-B186C62B2D45}
	EndGlobalSection
EndGlobal
