
Microsoft Visual Studio Solution File, Format Version 12.00
# Visual Studio 15
VisualStudioVersion = 15.0.27703.2000
MinimumVisualStudioVersion = 10.0.40219.1
Project("{9A19103F-16F7-4668-BE54-9A1E7A4F7556}") = "Lottery.ApiGateway", "Lottery.ApiGateway\Lottery.ApiGateway.csproj", "{8EA592FF-0F00-4FAB-8DE3-76A440316326}"
EndProject
Project("{9A19103F-16F7-4668-BE54-9A1E7A4F7556}") = "Lottery.Api.Controllers", "..\Lottery.Api.Controllers\Lottery.Api.Controllers.csproj", "{5F97B949-044F-4778-BECD-B56D66E968E8}"
EndProject
Project("{9A19103F-16F7-4668-BE54-9A1E7A4F7556}") = "Lottery.Base.Controllers", "..\Lottery.base.Controllers\Lottery.Base.Controllers.csproj", "{DEF79870-7D25-4E26-8DDE-9CEA9BA7817C}"
EndProject
Project("{9A19103F-16F7-4668-BE54-9A1E7A4F7556}") = "Lottery.ServiceMg.Controllers", "..\Lottery.ServiceMg.Controllers\Lottery.ServiceMg.Controllers.csproj", "{8F8B19F5-2EDE-43A7-8A5A-56E65D70EE7E}"
EndProject
Project("{2150E333-8FDC-42A3-9474-1A3956D46DE8}") = "surging", "surging", "{B1F0FDB3-D5CC-499A-8140-A4F2FFCE7753}"
EndProject
Project("{2150E333-8FDC-42A3-9474-1A3956D46DE8}") = "core", "core", "{CAEDADF1-452D-4F8A-8016-45ACD26A231B}"
EndProject
Project("{9A19103F-16F7-4668-BE54-9A1E7A4F7556}") = "Surging.Core.ApiGateWay", "..\Surging.Core\Surging.Core.ApiGateWay\Surging.Core.ApiGateWay.csproj", "{C0E41CA4-0CED-455D-B28C-ACE11D2FEDA5}"
EndProject
Project("{9A19103F-16F7-4668-BE54-9A1E7A4F7556}") = "Surging.Core.Caching", "..\Surging.Core\Surging.Core.Caching\Surging.Core.Caching.csproj", "{BC51BC9E-504C-4DDE-B9B3-FC973AF61B2C}"
EndProject
Project("{9A19103F-16F7-4668-BE54-9A1E7A4F7556}") = "Surging.Core.Codec.MessagePack", "..\Surging.Core\Surging.Core.Codec.MessagePack\Surging.Core.Codec.MessagePack.csproj", "{2222E645-85AB-487E-9494-4BF8ECD50334}"
EndProject
Project("{9A19103F-16F7-4668-BE54-9A1E7A4F7556}") = "Surging.Core.Codec.ProtoBuffer", "..\Surging.Core\Surging.Core.Codec.ProtoBuffer\Surging.Core.Codec.ProtoBuffer.csproj", "{F7F43205-DD2E-48E0-8537-61C081A716EF}"
EndProject
Project("{9A19103F-16F7-4668-BE54-9A1E7A4F7556}") = "Surging.Core.Common", "..\Surging.Core\Surging.Core.Common\Surging.Core.Common.csproj", "{1A42ED3D-8CE9-4180-B2EC-6FAFC48901AD}"
EndProject
Project("{9A19103F-16F7-4668-BE54-9A1E7A4F7556}") = "Surging.Core.Consul", "..\Surging.Core\Surging.Core.Consul\Surging.Core.Consul.csproj", "{C34F5C3A-FFA3-4E2F-B1AA-05AC5F61289A}"
EndProject
Project("{9A19103F-16F7-4668-BE54-9A1E7A4F7556}") = "Surging.Core.CPlatform", "..\Surging.Core\Surging.Core.CPlatform\Surging.Core.CPlatform.csproj", "{ED032C9C-5116-4364-85E9-3FCC18D5BC11}"
EndProject
Project("{9A19103F-16F7-4668-BE54-9A1E7A4F7556}") = "Surging.Core.DotNetty", "..\Surging.Core\Surging.Core.DotNetty\Surging.Core.DotNetty.csproj", "{31B79E1A-39E2-46F0-8A51-B4A28FAE6AF6}"
EndProject
Project("{9A19103F-16F7-4668-BE54-9A1E7A4F7556}") = "Surging.Core.Nlog", "..\Surging.Core\Surging.Core.NLog\Surging.Core.Nlog.csproj", "{8CBDAF37-03F8-4227-8CDD-DDE7DCB26A98}"
EndProject
Project("{9A19103F-16F7-4668-BE54-9A1E7A4F7556}") = "Surging.Core.Log4net", "..\Surging.Core\Surging.Core.Log4net\Surging.Core.Log4net.csproj", "{C3D9662D-C82E-4400-A525-D7A1C554A5E1}"
EndProject
Project("{9A19103F-16F7-4668-BE54-9A1E7A4F7556}") = "Surging.Core.ProxyGenerator", "..\Surging.Core\Surging.Core.ProxyGenerator\Surging.Core.ProxyGenerator.csproj", "{83D84A27-253F-4908-9A0B-1050253342A9}"
EndProject
Project("{9A19103F-16F7-4668-BE54-9A1E7A4F7556}") = "Surging.Core.ServiceHosting", "..\Surging.Core\Surging.Core.ServiceHosting\Surging.Core.ServiceHosting.csproj", "{F7F7A7FC-1058-4B59-AFE4-A9711AAA6534}"
EndProject
Project("{9A19103F-16F7-4668-BE54-9A1E7A4F7556}") = "Surging.Core.System", "..\Surging.Core\Surging.Core.System\Surging.Core.System.csproj", "{D4BCCC24-8345-4163-9C16-AB2E28E5E90C}"
EndProject
Project("{9A19103F-16F7-4668-BE54-9A1E7A4F7556}") = "Lottery.ApiGateway.Model", "..\Lottery.ApiGateway.Model\Lottery.ApiGateway.Model.csproj", "{0C3C07AB-951F-46FA-B97A-6D78C65D8A8D}"
EndProject
Global
	GlobalSection(SolutionConfigurationPlatforms) = preSolution
		Debug|Any CPU = Debug|Any CPU
		Release|Any CPU = Release|Any CPU
	EndGlobalSection
	GlobalSection(ProjectConfigurationPlatforms) = postSolution
		{8EA592FF-0F00-4FAB-8DE3-76A440316326}.Debug|Any CPU.ActiveCfg = Debug|Any CPU
		{8EA592FF-0F00-4FAB-8DE3-76A440316326}.Debug|Any CPU.Build.0 = Debug|Any CPU
		{8EA592FF-0F00-4FAB-8DE3-76A440316326}.Release|Any CPU.ActiveCfg = Release|Any CPU
		{8EA592FF-0F00-4FAB-8DE3-76A440316326}.Release|Any CPU.Build.0 = Release|Any CPU
		{5F97B949-044F-4778-BECD-B56D66E968E8}.Debug|Any CPU.ActiveCfg = Debug|Any CPU
		{5F97B949-044F-4778-BECD-B56D66E968E8}.Debug|Any CPU.Build.0 = Debug|Any CPU
		{5F97B949-044F-4778-BECD-B56D66E968E8}.Release|Any CPU.ActiveCfg = Release|Any CPU
		{5F97B949-044F-4778-BECD-B56D66E968E8}.Release|Any CPU.Build.0 = Release|Any CPU
		{DEF79870-7D25-4E26-8DDE-9CEA9BA7817C}.Debug|Any CPU.ActiveCfg = Debug|Any CPU
		{DEF79870-7D25-4E26-8DDE-9CEA9BA7817C}.Debug|Any CPU.Build.0 = Debug|Any CPU
		{DEF79870-7D25-4E26-8DDE-9CEA9BA7817C}.Release|Any CPU.ActiveCfg = Release|Any CPU
		{DEF79870-7D25-4E26-8DDE-9CEA9BA7817C}.Release|Any CPU.Build.0 = Release|Any CPU
		{8F8B19F5-2EDE-43A7-8A5A-56E65D70EE7E}.Debug|Any CPU.ActiveCfg = Debug|Any CPU
		{8F8B19F5-2EDE-43A7-8A5A-56E65D70EE7E}.Debug|Any CPU.Build.0 = Debug|Any CPU
		{8F8B19F5-2EDE-43A7-8A5A-56E65D70EE7E}.Release|Any CPU.ActiveCfg = Release|Any CPU
		{8F8B19F5-2EDE-43A7-8A5A-56E65D70EE7E}.Release|Any CPU.Build.0 = Release|Any CPU
		{C0E41CA4-0CED-455D-B28C-ACE11D2FEDA5}.Debug|Any CPU.ActiveCfg = Debug|Any CPU
		{C0E41CA4-0CED-455D-B28C-ACE11D2FEDA5}.Debug|Any CPU.Build.0 = Debug|Any CPU
		{C0E41CA4-0CED-455D-B28C-ACE11D2FEDA5}.Release|Any CPU.ActiveCfg = Release|Any CPU
		{C0E41CA4-0CED-455D-B28C-ACE11D2FEDA5}.Release|Any CPU.Build.0 = Release|Any CPU
		{BC51BC9E-504C-4DDE-B9B3-FC973AF61B2C}.Debug|Any CPU.ActiveCfg = Debug|Any CPU
		{BC51BC9E-504C-4DDE-B9B3-FC973AF61B2C}.Debug|Any CPU.Build.0 = Debug|Any CPU
		{BC51BC9E-504C-4DDE-B9B3-FC973AF61B2C}.Release|Any CPU.ActiveCfg = Release|Any CPU
		{BC51BC9E-504C-4DDE-B9B3-FC973AF61B2C}.Release|Any CPU.Build.0 = Release|Any CPU
		{2222E645-85AB-487E-9494-4BF8ECD50334}.Debug|Any CPU.ActiveCfg = Debug|Any CPU
		{2222E645-85AB-487E-9494-4BF8ECD50334}.Debug|Any CPU.Build.0 = Debug|Any CPU
		{2222E645-85AB-487E-9494-4BF8ECD50334}.Release|Any CPU.ActiveCfg = Release|Any CPU
		{2222E645-85AB-487E-9494-4BF8ECD50334}.Release|Any CPU.Build.0 = Release|Any CPU
		{F7F43205-DD2E-48E0-8537-61C081A716EF}.Debug|Any CPU.ActiveCfg = Debug|Any CPU
		{F7F43205-DD2E-48E0-8537-61C081A716EF}.Debug|Any CPU.Build.0 = Debug|Any CPU
		{F7F43205-DD2E-48E0-8537-61C081A716EF}.Release|Any CPU.ActiveCfg = Release|Any CPU
		{F7F43205-DD2E-48E0-8537-61C081A716EF}.Release|Any CPU.Build.0 = Release|Any CPU
		{1A42ED3D-8CE9-4180-B2EC-6FAFC48901AD}.Debug|Any CPU.ActiveCfg = Debug|Any CPU
		{1A42ED3D-8CE9-4180-B2EC-6FAFC48901AD}.Debug|Any CPU.Build.0 = Debug|Any CPU
		{1A42ED3D-8CE9-4180-B2EC-6FAFC48901AD}.Release|Any CPU.ActiveCfg = Release|Any CPU
		{1A42ED3D-8CE9-4180-B2EC-6FAFC48901AD}.Release|Any CPU.Build.0 = Release|Any CPU
		{C34F5C3A-FFA3-4E2F-B1AA-05AC5F61289A}.Debug|Any CPU.ActiveCfg = Debug|Any CPU
		{C34F5C3A-FFA3-4E2F-B1AA-05AC5F61289A}.Debug|Any CPU.Build.0 = Debug|Any CPU
		{C34F5C3A-FFA3-4E2F-B1AA-05AC5F61289A}.Release|Any CPU.ActiveCfg = Release|Any CPU
		{C34F5C3A-FFA3-4E2F-B1AA-05AC5F61289A}.Release|Any CPU.Build.0 = Release|Any CPU
		{ED032C9C-5116-4364-85E9-3FCC18D5BC11}.Debug|Any CPU.ActiveCfg = Debug|Any CPU
		{ED032C9C-5116-4364-85E9-3FCC18D5BC11}.Debug|Any CPU.Build.0 = Debug|Any CPU
		{ED032C9C-5116-4364-85E9-3FCC18D5BC11}.Release|Any CPU.ActiveCfg = Release|Any CPU
		{ED032C9C-5116-4364-85E9-3FCC18D5BC11}.Release|Any CPU.Build.0 = Release|Any CPU
		{31B79E1A-39E2-46F0-8A51-B4A28FAE6AF6}.Debug|Any CPU.ActiveCfg = Debug|Any CPU
		{31B79E1A-39E2-46F0-8A51-B4A28FAE6AF6}.Debug|Any CPU.Build.0 = Debug|Any CPU
		{31B79E1A-39E2-46F0-8A51-B4A28FAE6AF6}.Release|Any CPU.ActiveCfg = Release|Any CPU
		{31B79E1A-39E2-46F0-8A51-B4A28FAE6AF6}.Release|Any CPU.Build.0 = Release|Any CPU
		{8CBDAF37-03F8-4227-8CDD-DDE7DCB26A98}.Debug|Any CPU.ActiveCfg = Debug|Any CPU
		{8CBDAF37-03F8-4227-8CDD-DDE7DCB26A98}.Debug|Any CPU.Build.0 = Debug|Any CPU
		{8CBDAF37-03F8-4227-8CDD-DDE7DCB26A98}.Release|Any CPU.ActiveCfg = Release|Any CPU
		{8CBDAF37-03F8-4227-8CDD-DDE7DCB26A98}.Release|Any CPU.Build.0 = Release|Any CPU
		{C3D9662D-C82E-4400-A525-D7A1C554A5E1}.Debug|Any CPU.ActiveCfg = Debug|Any CPU
		{C3D9662D-C82E-4400-A525-D7A1C554A5E1}.Debug|Any CPU.Build.0 = Debug|Any CPU
		{C3D9662D-C82E-4400-A525-D7A1C554A5E1}.Release|Any CPU.ActiveCfg = Release|Any CPU
		{C3D9662D-C82E-4400-A525-D7A1C554A5E1}.Release|Any CPU.Build.0 = Release|Any CPU
		{83D84A27-253F-4908-9A0B-1050253342A9}.Debug|Any CPU.ActiveCfg = Debug|Any CPU
		{83D84A27-253F-4908-9A0B-1050253342A9}.Debug|Any CPU.Build.0 = Debug|Any CPU
		{83D84A27-253F-4908-9A0B-1050253342A9}.Release|Any CPU.ActiveCfg = Release|Any CPU
		{83D84A27-253F-4908-9A0B-1050253342A9}.Release|Any CPU.Build.0 = Release|Any CPU
		{F7F7A7FC-1058-4B59-AFE4-A9711AAA6534}.Debug|Any CPU.ActiveCfg = Debug|Any CPU
		{F7F7A7FC-1058-4B59-AFE4-A9711AAA6534}.Debug|Any CPU.Build.0 = Debug|Any CPU
		{F7F7A7FC-1058-4B59-AFE4-A9711AAA6534}.Release|Any CPU.ActiveCfg = Release|Any CPU
		{F7F7A7FC-1058-4B59-AFE4-A9711AAA6534}.Release|Any CPU.Build.0 = Release|Any CPU
		{D4BCCC24-8345-4163-9C16-AB2E28E5E90C}.Debug|Any CPU.ActiveCfg = Debug|Any CPU
		{D4BCCC24-8345-4163-9C16-AB2E28E5E90C}.Debug|Any CPU.Build.0 = Debug|Any CPU
		{D4BCCC24-8345-4163-9C16-AB2E28E5E90C}.Release|Any CPU.ActiveCfg = Release|Any CPU
		{D4BCCC24-8345-4163-9C16-AB2E28E5E90C}.Release|Any CPU.Build.0 = Release|Any CPU
		{0C3C07AB-951F-46FA-B97A-6D78C65D8A8D}.Debug|Any CPU.ActiveCfg = Debug|Any CPU
		{0C3C07AB-951F-46FA-B97A-6D78C65D8A8D}.Debug|Any CPU.Build.0 = Debug|Any CPU
		{0C3C07AB-951F-46FA-B97A-6D78C65D8A8D}.Release|Any CPU.ActiveCfg = Release|Any CPU
		{0C3C07AB-951F-46FA-B97A-6D78C65D8A8D}.Release|Any CPU.Build.0 = Release|Any CPU
	EndGlobalSection
	GlobalSection(SolutionProperties) = preSolution
		HideSolutionNode = FALSE
	EndGlobalSection
	GlobalSection(NestedProjects) = preSolution
		{CAEDADF1-452D-4F8A-8016-45ACD26A231B} = {B1F0FDB3-D5CC-499A-8140-A4F2FFCE7753}
		{C0E41CA4-0CED-455D-B28C-ACE11D2FEDA5} = {CAEDADF1-452D-4F8A-8016-45ACD26A231B}
		{BC51BC9E-504C-4DDE-B9B3-FC973AF61B2C} = {CAEDADF1-452D-4F8A-8016-45ACD26A231B}
		{2222E645-85AB-487E-9494-4BF8ECD50334} = {CAEDADF1-452D-4F8A-8016-45ACD26A231B}
		{F7F43205-DD2E-48E0-8537-61C081A716EF} = {CAEDADF1-452D-4F8A-8016-45ACD26A231B}
		{1A42ED3D-8CE9-4180-B2EC-6FAFC48901AD} = {CAEDADF1-452D-4F8A-8016-45ACD26A231B}
		{C34F5C3A-FFA3-4E2F-B1AA-05AC5F61289A} = {CAEDADF1-452D-4F8A-8016-45ACD26A231B}
		{ED032C9C-5116-4364-85E9-3FCC18D5BC11} = {CAEDADF1-452D-4F8A-8016-45ACD26A231B}
		{31B79E1A-39E2-46F0-8A51-B4A28FAE6AF6} = {CAEDADF1-452D-4F8A-8016-45ACD26A231B}
		{8CBDAF37-03F8-4227-8CDD-DDE7DCB26A98} = {CAEDADF1-452D-4F8A-8016-45ACD26A231B}
		{C3D9662D-C82E-4400-A525-D7A1C554A5E1} = {CAEDADF1-452D-4F8A-8016-45ACD26A231B}
		{83D84A27-253F-4908-9A0B-1050253342A9} = {CAEDADF1-452D-4F8A-8016-45ACD26A231B}
		{F7F7A7FC-1058-4B59-AFE4-A9711AAA6534} = {CAEDADF1-452D-4F8A-8016-45ACD26A231B}
		{D4BCCC24-8345-4163-9C16-AB2E28E5E90C} = {CAEDADF1-452D-4F8A-8016-45ACD26A231B}
	EndGlobalSection
	GlobalSection(ExtensibilityGlobals) = postSolution
		SolutionGuid = {09385D0A-E86E-4CF5-BD58-B186C62B2D45}
	EndGlobalSection
EndGlobal
