
Microsoft Visual Studio Solution File, Format Version 12.00
# Visual Studio 15
VisualStudioVersion = 15.0.27703.2000
MinimumVisualStudioVersion = 10.0.40219.1
Project("{9A19103F-16F7-4668-BE54-9A1E7A4F7556}") = "EntityModel", "..\CommonLib\EntityModel\EntityModel.csproj", "{1EAC7E04-D9BD-4130-BBA2-1918C760DB8E}"
EndProject
Project("{9A19103F-16F7-4668-BE54-9A1E7A4F7556}") = "KaSon.FrameWork.Common", "..\CommonLib\KaSon.FrameWork.Common\KaSon.FrameWork.Common.csproj", "{42C14991-BFB6-420D-9286-5A26269C8ECC}"
EndProject
Project("{9A19103F-16F7-4668-BE54-9A1E7A4F7556}") = "KaSon.FrameWork.ORM.Helper", "..\CommonLib\KaSon.FrameWork.ORM.Helper\KaSon.FrameWork.ORM.Helper.csproj", "{111FC6EF-0C85-4238-A81B-91B402AD0ED6}"
EndProject
Project("{9A19103F-16F7-4668-BE54-9A1E7A4F7556}") = "KaSon.FrameWork.Analyzer", "..\CommonLib\KaSon.FrameWork.Analyzer\KaSon.FrameWork.Analyzer.csproj", "{57875A42-5100-4276-9F1B-B49F62CD9B9D}"
EndProject
Project("{9A19103F-16F7-4668-BE54-9A1E7A4F7556}") = "KaSon.FrameWork.PlugIn", "..\CommonLib\KaSon.FrameWork.PlugIn\KaSon.FrameWork.PlugIn.csproj", "{ACDC19A1-296F-4330-A940-D490B3E82D69}"
EndProject
Project("{2150E333-8FDC-42A3-9474-1A3956D46DE8}") = "ModuleServices", "ModuleServices", "{1234157D-DEF6-4CDC-B15F-1C664454C27A}"
EndProject
Project("{2150E333-8FDC-42A3-9474-1A3956D46DE8}") = "FramWork", "FramWork", "{1F83FDD3-99B7-4334-94B3-9536B4FB9FCB}"
EndProject
Project("{9A19103F-16F7-4668-BE54-9A1E7A4F7556}") = "Craw.Service.ModuleServices", "Craw.Service.ModuleServices\Craw.Service.ModuleServices.csproj", "{2D66FBCE-06C2-4BCD-B8F6-C576A6AA103B}"
EndProject
Project("{9A19103F-16F7-4668-BE54-9A1E7A4F7556}") = "Craw.Service.IModuleServices", "Craw.Service.IModuleServices\Craw.Service.IModuleServices.csproj", "{4E5F53EA-F4C8-459A-8C21-A07A91FB37BD}"
EndProject
Project("{9A19103F-16F7-4668-BE54-9A1E7A4F7556}") = "CSRedisCore", "..\CommonLib\csredis-master\CSRedisCore.csproj", "{2E461796-6F48-448A-91CB-10CC0F6F7825}"
EndProject
Project("{9A19103F-16F7-4668-BE54-9A1E7A4F7556}") = "SystemManage.Model", "SystemManage.Model\SystemManage.Model.csproj", "{5C36072E-0A95-4FBD-ABEA-F1DA531FEC3E}"
EndProject
Project("{2150E333-8FDC-42A3-9474-1A3956D46DE8}") = "CrawGetters", "CrawGetters", "{413E4C88-F8D5-46C0-8D42-3161055B5EC5}"
EndProject
Project("{9A19103F-16F7-4668-BE54-9A1E7A4F7556}") = "Lottery.CrawGetters", "Lottery.CrawGetters\Lottery.CrawGetters.csproj", "{90081264-152E-43AC-B577-E156ECF65844}"
EndProject
Project("{9A19103F-16F7-4668-BE54-9A1E7A4F7556}") = "CrawHost", "Lottery.ApiGateway\CrawHost.csproj", "{31DA14A7-4A35-419A-9542-FD4C8B117E85}"
EndProject
Project("{9A19103F-16F7-4668-BE54-9A1E7A4F7556}") = "Lottery.ApiGateway.Model", "Lottery.ApiGateway.Model\Lottery.ApiGateway.Model.csproj", "{5A04CD71-1300-4DBD-B76D-2B8DCD7F28E3}"
EndProject
Project("{9A19103F-16F7-4668-BE54-9A1E7A4F7556}") = "KaSon.FrameWork.ORM", "KaSon.FrameWork.ORM\KaSon.FrameWork.ORM.csproj", "{5900478B-C6AB-4B16-8FCD-A2711360B71B}"
EndProject
Project("{9A19103F-16F7-4668-BE54-9A1E7A4F7556}") = "KaSon.FrameWork.Services", "KaSon.FrameWork.Services\KaSon.FrameWork.Services.csproj", "{8A71B9EC-0259-4975-9B72-ADF5EAA080FF}"
EndProject
Global
	GlobalSection(SolutionConfigurationPlatforms) = preSolution
		Debug|Any CPU = Debug|Any CPU
		Release|Any CPU = Release|Any CPU
	EndGlobalSection
	GlobalSection(ProjectConfigurationPlatforms) = postSolution
		{1EAC7E04-D9BD-4130-BBA2-1918C760DB8E}.Debug|Any CPU.ActiveCfg = Debug|Any CPU
		{1EAC7E04-D9BD-4130-BBA2-1918C760DB8E}.Debug|Any CPU.Build.0 = Debug|Any CPU
		{1EAC7E04-D9BD-4130-BBA2-1918C760DB8E}.Release|Any CPU.ActiveCfg = Release|Any CPU
		{1EAC7E04-D9BD-4130-BBA2-1918C760DB8E}.Release|Any CPU.Build.0 = Release|Any CPU
		{42C14991-BFB6-420D-9286-5A26269C8ECC}.Debug|Any CPU.ActiveCfg = Debug|Any CPU
		{42C14991-BFB6-420D-9286-5A26269C8ECC}.Debug|Any CPU.Build.0 = Debug|Any CPU
		{42C14991-BFB6-420D-9286-5A26269C8ECC}.Release|Any CPU.ActiveCfg = Release|Any CPU
		{42C14991-BFB6-420D-9286-5A26269C8ECC}.Release|Any CPU.Build.0 = Release|Any CPU
		{111FC6EF-0C85-4238-A81B-91B402AD0ED6}.Debug|Any CPU.ActiveCfg = Debug|Any CPU
		{111FC6EF-0C85-4238-A81B-91B402AD0ED6}.Debug|Any CPU.Build.0 = Debug|Any CPU
		{111FC6EF-0C85-4238-A81B-91B402AD0ED6}.Release|Any CPU.ActiveCfg = Release|Any CPU
		{111FC6EF-0C85-4238-A81B-91B402AD0ED6}.Release|Any CPU.Build.0 = Release|Any CPU
		{57875A42-5100-4276-9F1B-B49F62CD9B9D}.Debug|Any CPU.ActiveCfg = Debug|Any CPU
		{57875A42-5100-4276-9F1B-B49F62CD9B9D}.Debug|Any CPU.Build.0 = Debug|Any CPU
		{57875A42-5100-4276-9F1B-B49F62CD9B9D}.Release|Any CPU.ActiveCfg = Release|Any CPU
		{57875A42-5100-4276-9F1B-B49F62CD9B9D}.Release|Any CPU.Build.0 = Release|Any CPU
		{ACDC19A1-296F-4330-A940-D490B3E82D69}.Debug|Any CPU.ActiveCfg = Debug|Any CPU
		{ACDC19A1-296F-4330-A940-D490B3E82D69}.Debug|Any CPU.Build.0 = Debug|Any CPU
		{ACDC19A1-296F-4330-A940-D490B3E82D69}.Release|Any CPU.ActiveCfg = Release|Any CPU
		{ACDC19A1-296F-4330-A940-D490B3E82D69}.Release|Any CPU.Build.0 = Release|Any CPU
		{2D66FBCE-06C2-4BCD-B8F6-C576A6AA103B}.Debug|Any CPU.ActiveCfg = Debug|Any CPU
		{2D66FBCE-06C2-4BCD-B8F6-C576A6AA103B}.Debug|Any CPU.Build.0 = Debug|Any CPU
		{2D66FBCE-06C2-4BCD-B8F6-C576A6AA103B}.Release|Any CPU.ActiveCfg = Release|Any CPU
		{2D66FBCE-06C2-4BCD-B8F6-C576A6AA103B}.Release|Any CPU.Build.0 = Release|Any CPU
		{4E5F53EA-F4C8-459A-8C21-A07A91FB37BD}.Debug|Any CPU.ActiveCfg = Debug|Any CPU
		{4E5F53EA-F4C8-459A-8C21-A07A91FB37BD}.Debug|Any CPU.Build.0 = Debug|Any CPU
		{4E5F53EA-F4C8-459A-8C21-A07A91FB37BD}.Release|Any CPU.ActiveCfg = Release|Any CPU
		{4E5F53EA-F4C8-459A-8C21-A07A91FB37BD}.Release|Any CPU.Build.0 = Release|Any CPU
		{2E461796-6F48-448A-91CB-10CC0F6F7825}.Debug|Any CPU.ActiveCfg = Debug|Any CPU
		{2E461796-6F48-448A-91CB-10CC0F6F7825}.Debug|Any CPU.Build.0 = Debug|Any CPU
		{2E461796-6F48-448A-91CB-10CC0F6F7825}.Release|Any CPU.ActiveCfg = Release|Any CPU
		{2E461796-6F48-448A-91CB-10CC0F6F7825}.Release|Any CPU.Build.0 = Release|Any CPU
		{5C36072E-0A95-4FBD-ABEA-F1DA531FEC3E}.Debug|Any CPU.ActiveCfg = Debug|Any CPU
		{5C36072E-0A95-4FBD-ABEA-F1DA531FEC3E}.Debug|Any CPU.Build.0 = Debug|Any CPU
		{5C36072E-0A95-4FBD-ABEA-F1DA531FEC3E}.Release|Any CPU.ActiveCfg = Release|Any CPU
		{5C36072E-0A95-4FBD-ABEA-F1DA531FEC3E}.Release|Any CPU.Build.0 = Release|Any CPU
		{90081264-152E-43AC-B577-E156ECF65844}.Debug|Any CPU.ActiveCfg = Debug|Any CPU
		{90081264-152E-43AC-B577-E156ECF65844}.Debug|Any CPU.Build.0 = Debug|Any CPU
		{90081264-152E-43AC-B577-E156ECF65844}.Release|Any CPU.ActiveCfg = Release|Any CPU
		{90081264-152E-43AC-B577-E156ECF65844}.Release|Any CPU.Build.0 = Release|Any CPU
		{31DA14A7-4A35-419A-9542-FD4C8B117E85}.Debug|Any CPU.ActiveCfg = Debug|Any CPU
		{31DA14A7-4A35-419A-9542-FD4C8B117E85}.Debug|Any CPU.Build.0 = Debug|Any CPU
		{31DA14A7-4A35-419A-9542-FD4C8B117E85}.Release|Any CPU.ActiveCfg = Release|Any CPU
		{31DA14A7-4A35-419A-9542-FD4C8B117E85}.Release|Any CPU.Build.0 = Release|Any CPU
		{5A04CD71-1300-4DBD-B76D-2B8DCD7F28E3}.Debug|Any CPU.ActiveCfg = Debug|Any CPU
		{5A04CD71-1300-4DBD-B76D-2B8DCD7F28E3}.Debug|Any CPU.Build.0 = Debug|Any CPU
		{5A04CD71-1300-4DBD-B76D-2B8DCD7F28E3}.Release|Any CPU.ActiveCfg = Release|Any CPU
		{5A04CD71-1300-4DBD-B76D-2B8DCD7F28E3}.Release|Any CPU.Build.0 = Release|Any CPU
		{5900478B-C6AB-4B16-8FCD-A2711360B71B}.Debug|Any CPU.ActiveCfg = Debug|Any CPU
		{5900478B-C6AB-4B16-8FCD-A2711360B71B}.Debug|Any CPU.Build.0 = Debug|Any CPU
		{5900478B-C6AB-4B16-8FCD-A2711360B71B}.Release|Any CPU.ActiveCfg = Release|Any CPU
		{5900478B-C6AB-4B16-8FCD-A2711360B71B}.Release|Any CPU.Build.0 = Release|Any CPU
		{8A71B9EC-0259-4975-9B72-ADF5EAA080FF}.Debug|Any CPU.ActiveCfg = Debug|Any CPU
		{8A71B9EC-0259-4975-9B72-ADF5EAA080FF}.Debug|Any CPU.Build.0 = Debug|Any CPU
		{8A71B9EC-0259-4975-9B72-ADF5EAA080FF}.Release|Any CPU.ActiveCfg = Release|Any CPU
		{8A71B9EC-0259-4975-9B72-ADF5EAA080FF}.Release|Any CPU.Build.0 = Release|Any CPU
	EndGlobalSection
	GlobalSection(SolutionProperties) = preSolution
		HideSolutionNode = FALSE
	EndGlobalSection
	GlobalSection(NestedProjects) = preSolution
		{1EAC7E04-D9BD-4130-BBA2-1918C760DB8E} = {1F83FDD3-99B7-4334-94B3-9536B4FB9FCB}
		{42C14991-BFB6-420D-9286-5A26269C8ECC} = {1F83FDD3-99B7-4334-94B3-9536B4FB9FCB}
		{111FC6EF-0C85-4238-A81B-91B402AD0ED6} = {1F83FDD3-99B7-4334-94B3-9536B4FB9FCB}
		{57875A42-5100-4276-9F1B-B49F62CD9B9D} = {1F83FDD3-99B7-4334-94B3-9536B4FB9FCB}
		{ACDC19A1-296F-4330-A940-D490B3E82D69} = {1F83FDD3-99B7-4334-94B3-9536B4FB9FCB}
		{2D66FBCE-06C2-4BCD-B8F6-C576A6AA103B} = {1234157D-DEF6-4CDC-B15F-1C664454C27A}
		{4E5F53EA-F4C8-459A-8C21-A07A91FB37BD} = {1234157D-DEF6-4CDC-B15F-1C664454C27A}
		{2E461796-6F48-448A-91CB-10CC0F6F7825} = {1F83FDD3-99B7-4334-94B3-9536B4FB9FCB}
		{5C36072E-0A95-4FBD-ABEA-F1DA531FEC3E} = {1234157D-DEF6-4CDC-B15F-1C664454C27A}
		{90081264-152E-43AC-B577-E156ECF65844} = {413E4C88-F8D5-46C0-8D42-3161055B5EC5}
		{5900478B-C6AB-4B16-8FCD-A2711360B71B} = {1F83FDD3-99B7-4334-94B3-9536B4FB9FCB}
		{8A71B9EC-0259-4975-9B72-ADF5EAA080FF} = {1F83FDD3-99B7-4334-94B3-9536B4FB9FCB}
	EndGlobalSection
	GlobalSection(ExtensibilityGlobals) = postSolution
		SolutionGuid = {09385D0A-E86E-4CF5-BD58-B186C62B2D45}
	EndGlobalSection
EndGlobal
